// !$*UTF8*$!
{
	archiveVersion = 1;
	classes = {
	};
	objectVersion = 77;
	objects = {

/* Begin PBXBuildFile section */
		8A6716742F7F6B21007F94C1 /* CLAUDE.md in Resources */ = {isa = PBXBuildFile; fileRef = 8A6716732F7F6B21007F94C1 /* CLAUDE.md */; };
		8A6716D02F7F9A77007F94C1 /* .gitignore in Resources */ = {isa = PBXBuildFile; fileRef = 8A6716CF2F7F9A77007F94C1 /* .gitignore */; };
		8A6716D22F7F9B3C007F94C1 /* README.md in Resources */ = {isa = PBXBuildFile; fileRef = 8A6716D12F7F9B3C007F94C1 /* README.md */; };
		8A6716D52F7F9F30007F94C1 /* settings.local.json in Resources */ = {isa = PBXBuildFile; fileRef = 8A6716D32F7F9F30007F94C1 /* settings.local.json */; };
		8A6716DA2F7F9F3F007F94C1 /* ci.yml in Resources */ = {isa = PBXBuildFile; fileRef = 8A6716D62F7F9F3F007F94C1 /* ci.yml */; };
		8A6716DB2F7F9F3F007F94C1 /* release.yml in Resources */ = {isa = PBXBuildFile; fileRef = 8A6716D72F7F9F3F007F94C1 /* release.yml */; };
		8A6716E02F7FBA1D007F94C1 /* 2026-04-03-vpn-monitoring-refactor-design.md in Resources */ = {isa = PBXBuildFile; fileRef = 8A6716DC2F7FBA1D007F94C1 /* 2026-04-03-vpn-monitoring-refactor-design.md */; };
		8AFED87F2F800D50008D02CC /* CHANGELOG.md in Resources */ = {isa = PBXBuildFile; fileRef = 8AFED87E2F800D50008D02CC /* CHANGELOG.md */; };
/* End PBXBuildFile section */

/* Begin PBXFileReference section */
		8A10E7DC2F7D20A8008E16CF /* RoutePilot.app */ = {isa = PBXFileReference; explicitFileType = wrapper.application; includeInIndex = 0; path = RoutePilot.app; sourceTree = BUILT_PRODUCTS_DIR; };
		8A6716732F7F6B21007F94C1 /* CLAUDE.md */ = {isa = PBXFileReference; lastKnownFileType = net.daringfireball.markdown; path = CLAUDE.md; sourceTree = "<group>"; };
		8A6716CF2F7F9A77007F94C1 /* .gitignore */ = {isa = PBXFileReference; lastKnownFileType = text; path = .gitignore; sourceTree = "<group>"; };
		8A6716D12F7F9B3C007F94C1 /* README.md */ = {isa = PBXFileReference; lastKnownFileType = net.daringfireball.markdown; path = README.md; sourceTree = "<group>"; };
		8A6716D32F7F9F30007F94C1 /* settings.local.json */ = {isa = PBXFileReference; lastKnownFileType = text.json; path = settings.local.json; sourceTree = "<group>"; };
		8A6716D62F7F9F3F007F94C1 /* ci.yml */ = {isa = PBXFileReference; lastKnownFileType = text.yaml; path = ci.yml; sourceTree = "<group>"; };
		8A6716D72F7F9F3F007F94C1 /* release.yml */ = {isa = PBXFileReference; lastKnownFileType = text.yaml; path = release.yml; sourceTree = "<group>"; };
		8A6716DC2F7FBA1D007F94C1 /* 2026-04-03-vpn-monitoring-refactor-design.md */ = {isa = PBXFileReference; lastKnownFileType = net.daringfireball.markdown; path = "2026-04-03-vpn-monitoring-refactor-design.md"; sourceTree = "<group>"; };
		8AFED87E2F800D50008D02CC /* CHANGELOG.md */ = {isa = PBXFileReference; lastKnownFileType = net.daringfireball.markdown; path = CHANGELOG.md; sourceTree = "<group>"; };
/* End PBXFileReference section */

/* Begin PBXFileSystemSynchronizedRootGroup section */
		8A10E7DE2F7D20A8008E16CF /* RoutePilot */ = {
			isa = PBXFileSystemSynchronizedRootGroup;
			path = RoutePilot;
			sourceTree = "<group>";
		};
/* End PBXFileSystemSynchronizedRootGroup section */

/* Begin PBXFrameworksBuildPhase section */
		8A10E7D92F7D20A8008E16CF /* Frameworks */ = {
			isa = PBXFrameworksBuildPhase;
			buildActionMask = 2147483647;
			files = (
			);
			runOnlyForDeploymentPostprocessing = 0;
		};
/* End PBXFrameworksBuildPhase section */

/* Begin PBXGroup section */
		8A10E7D32F7D20A8008E16CF = {
			isa = PBXGroup;
			children = (
				8AFED8802F8012FA008D02CC /* assets */,
				8AFED87E2F800D50008D02CC /* CHANGELOG.md */,
				8A6716DF2F7FBA1D007F94C1 /* docs */,
				8A6716D92F7F9F3F007F94C1 /* .github */,
				8A6716D42F7F9F30007F94C1 /* .claude */,
				8A6716D12F7F9B3C007F94C1 /* README.md */,
				8A6716CF2F7F9A77007F94C1 /* .gitignore */,
				8A6716732F7F6B21007F94C1 /* CLAUDE.md */,
				8A10E7DE2F7D20A8008E16CF /* RoutePilot */,
				8A10E7DD2F7D20A8008E16CF /* Products */,
			);
			sourceTree = "<group>";
		};
		8A10E7DD2F7D20A8008E16CF /* Products */ = {
			isa = PBXGroup;
			children = (
				8A10E7DC2F7D20A8008E16CF /* RoutePilot.app */,
			);
			name = Products;
			sourceTree = "<group>";
		};
		8A6716D42F7F9F30007F94C1 /* .claude */ = {
			isa = PBXGroup;
			children = (
				8A6716D32F7F9F30007F94C1 /* settings.local.json */,
			);
			path = .claude;
			sourceTree = "<group>";
		};
		8A6716D82F7F9F3F007F94C1 /* workflows */ = {
			isa = PBXGroup;
			children = (
				8A6716D62F7F9F3F007F94C1 /* ci.yml */,
				8A6716D72F7F9F3F007F94C1 /* release.yml */,
			);
			path = workflows;
			sourceTree = "<group>";
		};
		8A6716D92F7F9F3F007F94C1 /* .github */ = {
			isa = PBXGroup;
			children = (
				8A6716D82F7F9F3F007F94C1 /* workflows */,
			);
			path = .github;
			sourceTree = "<group>";
		};
		8A6716DD2F7FBA1D007F94C1 /* specs */ = {
			isa = PBXGroup;
			children = (
				8A6716DC2F7FBA1D007F94C1 /* 2026-04-03-vpn-monitoring-refactor-design.md */,
			);
			path = specs;
			sourceTree = "<group>";
		};
		8A6716DE2F7FBA1D007F94C1 /* superpowers */ = {
			isa = PBXGroup;
			children = (
				8A6716DD2F7FBA1D007F94C1 /* specs */,
			);
			path = superpowers;
			sourceTree = "<group>";
		};
		8A6716DF2F7FBA1D007F94C1 /* docs */ = {
			isa = PBXGroup;
			children = (
				8A6716DE2F7FBA1D007F94C1 /* superpowers */,
			);
			path = docs;
			sourceTree = "<group>";
		};
		8AFED8802F8012FA008D02CC /* assets */ = {
			isa = PBXGroup;
			children = (
			);
			path = assets;
			sourceTree = "<group>";
		};
/* End PBXGroup section */

/* Begin PBXNativeTarget section */
		8A10E7DB2F7D20A8008E16CF /* RoutePilot */ = {
			isa = PBXNativeTarget;
			buildConfigurationList = 8A10E7E72F7D20A9008E16CF /* Build configuration list for PBXNativeTarget "RoutePilot" */;
			buildPhases = (
				8AFED8922F812347008D02CC /* ShellScript */,
				8A10E7D82F7D20A8008E16CF /* Sources */,
				8A10E7D92F7D20A8008E16CF /* Frameworks */,
				8A10E7DA2F7D20A8008E16CF /* Resources */,
			);
			buildRules = (
			);
			dependencies = (
			);
			fileSystemSynchronizedGroups = (
				8A10E7DE2F7D20A8008E16CF /* RoutePilot */,
			);
			name = RoutePilot;
			packageProductDependencies = (
			);
			productName = RoutePilot;
			productReference = 8A10E7DC2F7D20A8008E16CF /* RoutePilot.app */;
			productType = "com.apple.product-type.application";
		};
/* End PBXNativeTarget section */

/* Begin PBXProject section */
		8A10E7D42F7D20A8008E16CF /* Project object */ = {
			isa = PBXProject;
			attributes = {
				BuildIndependentTargetsInParallel = 1;
				LastSwiftUpdateCheck = 2640;
				LastUpgradeCheck = 2640;
				TargetAttributes = {
					8A10E7DB2F7D20A8008E16CF = {
						CreatedOnToolsVersion = 26.4;
					};
				};
			};
			buildConfigurationList = 8A10E7D72F7D20A8008E16CF /* Build configuration list for PBXProject "RoutePilot" */;
			developmentRegion = en;
			hasScannedForEncodings = 0;
			knownRegions = (
				en,
				Base,
			);
			mainGroup = 8A10E7D32F7D20A8008E16CF;
			minimizedProjectReferenceProxies = 1;
			preferredProjectObjectVersion = 77;
			productRefGroup = 8A10E7DD2F7D20A8008E16CF /* Products */;
			projectDirPath = "";
			projectRoot = "";
			targets = (
				8A10E7DB2F7D20A8008E16CF /* RoutePilot */,
			);
		};
/* End PBXProject section */

/* Begin PBXResourcesBuildPhase section */
		8A10E7DA2F7D20A8008E16CF /* Resources */ = {
			isa = PBXResourcesBuildPhase;
			buildActionMask = 2147483647;
			files = (
				8A6716D02F7F9A77007F94C1 /* .gitignore in Resources */,
				8AFED87F2F800D50008D02CC /* CHANGELOG.md in Resources */,
				8A6716D52F7F9F30007F94C1 /* settings.local.json in Resources */,
				8A6716D22F7F9B3C007F94C1 /* README.md in Resources */,
				8A6716742F7F6B21007F94C1 /* CLAUDE.md in Resources */,
				8A6716DA2F7F9F3F007F94C1 /* ci.yml in Resources */,
				8A6716E02F7FBA1D007F94C1 /* 2026-04-03-vpn-monitoring-refactor-design.md in Resources */,
				8A6716DB2F7F9F3F007F94C1 /* release.yml in Resources */,
			);
			runOnlyForDeploymentPostprocessing = 0;
		};
/* End PBXResourcesBuildPhase section */

/* Begin PBXShellScriptBuildPhase section */
		8AFED8922F812347008D02CC /* ShellScript */ = {
			isa = PBXShellScriptBuildPhase;
			alwaysOutOfDate = 1;
			buildActionMask = 2147483647;
			files = (
			);
			inputPaths = (
				"$(SRCROOT)/build/route-pilot-daemon",
			);
			outputPaths = (
				"$(BUILT_PRODUCTS_DIR)/$(PRODUCT_NAME).app/Contents/Resources/route-pilot-daemon",
			);
			runOnlyForDeploymentPostprocessing = 0;
			shellPath = /bin/sh;
			shellScript = "# Copy pre-built daemon to app Resources\nDAEMON_PREBUILT=\"$SRCROOT/build/route-pilot-daemon\"\nDAEMON_OUTPUT=\"$BUILT_PRODUCTS_DIR/$PRODUCT_NAME.app/Contents/Resources/route-pilot-daemon\"\n\nmkdir -p \"$BUILT_PRODUCTS_DIR/$PRODUCT_NAME.app/Contents/Resources\"\n\nif [ -f \"$DAEMON_PREBUILT\" ]; then\n    cp \"$DAEMON_PREBUILT\" \"$DAEMON_OUTPUT\"\n    chmod +x \"$DAEMON_OUTPUT\"\n    echo \"Copied daemon: $DAEMON_OUTPUT\"\n    ls -lh \"$DAEMON_OUTPUT\"\nelse\n    echo \"Error: Pre-built daemon not found at $DAEMON_PREBUILT\"\n    echo \"Run scripts/build-daemon.sh first\"\n    exit 1\nfi\n";
		};
/* End PBXShellScriptBuildPhase section */

/* Begin PBXSourcesBuildPhase section */
		8A10E7D82F7D20A8008E16CF /* Sources */ = {
			isa = PBXSourcesBuildPhase;
			buildActionMask = 2147483647;
			files = (
			);
			runOnlyForDeploymentPostprocessing = 0;
		};
/* End PBXSourcesBuildPhase section */

/* Begin XCBuildConfiguration section */
		8A10E7E52F7D20A9008E16CF /* Debug */ = {
			isa = XCBuildConfiguration;
			buildSettings = {
				ALWAYS_SEARCH_USER_PATHS = NO;
				ASSETCATALOG_COMPILER_GENERATE_SWIFT_ASSET_SYMBOL_EXTENSIONS = YES;
				CLANG_ANALYZER_NONNULL = YES;
				CLANG_ANALYZER_NUMBER_OBJECT_CONVERSION = YES_AGGRESSIVE;
				CLANG_CXX_LANGUAGE_STANDARD = "gnu++20";
				CLANG_ENABLE_MODULES = YES;
				CLANG_ENABLE_OBJC_ARC = YES;
				CLANG_ENABLE_OBJC_WEAK = YES;
				CLANG_WARN_BLOCK_CAPTURE_AUTORELEASING = YES;
				CLANG_WARN_BOOL_CONVERSION = YES;
				CLANG_WARN_COMMA = YES;
				CLANG_WARN_CONSTANT_CONVERSION = YES;
				CLANG_WARN_DEPRECATED_OBJC_IMPLEMENTATIONS = YES;
				CLANG_WARN_DIRECT_OBJC_ISA_USAGE = YES_ERROR;
				CLANG_WARN_DOCUMENTATION_COMMENTS = YES;
				CLANG_WARN_EMPTY_BODY = YES;
				CLANG_WARN_ENUM_CONVERSION = YES;
				CLANG_WARN_INFINITE_RECURSION = YES;
				CLANG_WARN_INT_CONVERSION = YES;
				CLANG_WARN_NON_LITERAL_NULL_CONVERSION = YES;
				CLANG_WARN_OBJC_IMPLICIT_RETAIN_SELF = YES;
				CLANG_WARN_OBJC_LITERAL_CONVERSION = YES;
				CLANG_WARN_OBJC_ROOT_CLASS = YES_ERROR;
				CLANG_WARN_QUOTED_INCLUDE_IN_FRAMEWORK_HEADER = YES;
				CLANG_WARN_RANGE_LOOP_ANALYSIS = YES;
				CLANG_WARN_STRICT_PROTOTYPES = YES;
				CLANG_WARN_SUSPICIOUS_MOVE = YES;
				CLANG_WARN_UNGUARDED_AVAILABILITY = YES_AGGRESSIVE;
				CLANG_WARN_UNREACHABLE_CODE = YES;
				CLANG_WARN__DUPLICATE_METHOD_MATCH = YES;
				COPY_PHASE_STRIP = NO;
				DEBUG_INFORMATION_FORMAT = dwarf;
				ENABLE_STRICT_OBJC_MSGSEND = YES;
				ENABLE_TESTABILITY = YES;
				ENABLE_USER_SCRIPT_SANDBOXING = YES;
				GCC_C_LANGUAGE_STANDARD = gnu17;
				GCC_DYNAMIC_NO_PIC = NO;
				GCC_NO_COMMON_BLOCKS = YES;
				GCC_OPTIMIZATION_LEVEL = 0;
				GCC_PREPROCESSOR_DEFINITIONS = (
					"DEBUG=1",
					"$(inherited)",
				);
				GCC_WARN_64_TO_32_BIT_CONVERSION = YES;
				GCC_WARN_ABOUT_RETURN_TYPE = YES_ERROR;
				GCC_WARN_UNDECLARED_SELECTOR = YES;
				GCC_WARN_UNINITIALIZED_AUTOS = YES_AGGRESSIVE;
				GCC_WARN_UNUSED_FUNCTION = YES;
				GCC_WARN_UNUSED_VARIABLE = YES;
				LOCALIZATION_PREFERS_STRING_CATALOGS = YES;
				MACOSX_DEPLOYMENT_TARGET = 26.4;
				MTL_ENABLE_DEBUG_INFO = INCLUDE_SOURCE;
				MTL_FAST_MATH = YES;
				ONLY_ACTIVE_ARCH = YES;
				SDKROOT = macosx;
				SWIFT_ACTIVE_COMPILATION_CONDITIONS = "DEBUG $(inherited)";
				SWIFT_OPTIMIZATION_LEVEL = "-Onone";
			};
			name = Debug;
		};
		8A10E7E62F7D20A9008E16CF /* Release */ = {
			isa = XCBuildConfiguration;
			buildSettings = {
				ALWAYS_SEARCH_USER_PATHS = NO;
				ASSETCATALOG_COMPILER_GENERATE_SWIFT_ASSET_SYMBOL_EXTENSIONS = YES;
				CLANG_ANALYZER_NONNULL = YES;
				CLANG_ANALYZER_NUMBER_OBJECT_CONVERSION = YES_AGGRESSIVE;
				CLANG_CXX_LANGUAGE_STANDARD = "gnu++20";
				CLANG_ENABLE_MODULES = YES;
				CLANG_ENABLE_OBJC_ARC = YES;
				CLANG_ENABLE_OBJC_WEAK = YES;
				CLANG_WARN_BLOCK_CAPTURE_AUTORELEASING = YES;
				CLANG_WARN_BOOL_CONVERSION = YES;
				CLANG_WARN_COMMA = YES;
				CLANG_WARN_CONSTANT_CONVERSION = YES;
				CLANG_WARN_DEPRECATED_OBJC_IMPLEMENTATIONS = YES;
				CLANG_WARN_DIRECT_OBJC_ISA_USAGE = YES_ERROR;
				CLANG_WARN_DOCUMENTATION_COMMENTS = YES;
				CLANG_WARN_EMPTY_BODY = YES;
				CLANG_WARN_ENUM_CONVERSION = YES;
				CLANG_WARN_INFINITE_RECURSION = YES;
				CLANG_WARN_INT_CONVERSION = YES;
				CLANG_WARN_NON_LITERAL_NULL_CONVERSION = YES;
				CLANG_WARN_OBJC_IMPLICIT_RETAIN_SELF = YES;
				CLANG_WARN_OBJC_LITERAL_CONVERSION = YES;
				CLANG_WARN_OBJC_ROOT_CLASS = YES_ERROR;
				CLANG_WARN_QUOTED_INCLUDE_IN_FRAMEWORK_HEADER = YES;
				CLANG_WARN_RANGE_LOOP_ANALYSIS = YES;
				CLANG_WARN_STRICT_PROTOTYPES = YES;
				CLANG_WARN_SUSPICIOUS_MOVE = YES;
				CLANG_WARN_UNGUARDED_AVAILABILITY = YES_AGGRESSIVE;
				CLANG_WARN_UNREACHABLE_CODE = YES;
				CLANG_WARN__DUPLICATE_METHOD_MATCH = YES;
				COPY_PHASE_STRIP = NO;
				DEBUG_INFORMATION_FORMAT = "dwarf-with-dsym";
				ENABLE_NS_ASSERTIONS = NO;
				ENABLE_STRICT_OBJC_MSGSEND = YES;
				ENABLE_USER_SCRIPT_SANDBOXING = YES;
				GCC_C_LANGUAGE_STANDARD = gnu17;
				GCC_NO_COMMON_BLOCKS = YES;
				GCC_WARN_64_TO_32_BIT_CONVERSION = YES;
				GCC_WARN_ABOUT_RETURN_TYPE = YES_ERROR;
				GCC_WARN_UNDECLARED_SELECTOR = YES;
				GCC_WARN_UNINITIALIZED_AUTOS = YES_AGGRESSIVE;
				GCC_WARN_UNUSED_FUNCTION = YES;
				GCC_WARN_UNUSED_VARIABLE = YES;
				LOCALIZATION_PREFERS_STRING_CATALOGS = YES;
				MACOSX_DEPLOYMENT_TARGET = 26.4;
				MTL_ENABLE_DEBUG_INFO = NO;
				MTL_FAST_MATH = YES;
				SDKROOT = macosx;
				SWIFT_COMPILATION_MODE = wholemodule;
			};
			name = Release;
		};
		8A10E7E82F7D20A9008E16CF /* Debug */ = {
			isa = XCBuildConfiguration;
			buildSettings = {
				ASSETCATALOG_COMPILER_APPICON_NAME = AppIcon;
				ASSETCATALOG_COMPILER_GLOBAL_ACCENT_COLOR_NAME = AccentColor;
				CODE_SIGN_STYLE = Automatic;
				COMBINE_HIDPI_IMAGES = YES;
				CURRENT_PROJECT_VERSION = 1;
				ENABLE_APP_SANDBOX = NO;
				ENABLE_PREVIEWS = YES;
				ENABLE_USER_SELECTED_FILES = readonly;
				GENERATE_INFOPLIST_FILE = YES;
				INFOPLIST_KEY_NSHumanReadableCopyright = "";
				LD_RUNPATH_SEARCH_PATHS = (
					"$(inherited)",
					"@executable_path/../Frameworks",
				);
				MARKETING_VERSION = 1.0;
				PRODUCT_BUNDLE_IDENTIFIER = sunny.RoutePilot;
				PRODUCT_NAME = "$(TARGET_NAME)";
				REGISTER_APP_GROUPS = YES;
				STRING_CATALOG_GENERATE_SYMBOLS = YES;
				SWIFT_APPROACHABLE_CONCURRENCY = YES;
				SWIFT_DEFAULT_ACTOR_ISOLATION = MainActor;
				SWIFT_EMIT_LOC_STRINGS = YES;
				SWIFT_UPCOMING_FEATURE_MEMBER_IMPORT_VISIBILITY = YES;
				SWIFT_VERSION = 5.0;
			};
			name = Debug;
		};
		8A10E7E92F7D20A9008E16CF /* Release */ = {
			isa = XCBuildConfiguration;
			buildSettings = {
				ASSETCATALOG_COMPILER_APPICON_NAME = AppIcon;
				ASSETCATALOG_COMPILER_GLOBAL_ACCENT_COLOR_NAME = AccentColor;
				CODE_SIGN_STYLE = Automatic;
				COMBINE_HIDPI_IMAGES = YES;
				CURRENT_PROJECT_VERSION = 1;
				ENABLE_APP_SANDBOX = NO;
				ENABLE_PREVIEWS = YES;
				ENABLE_USER_SELECTED_FILES = readonly;
				GENERATE_INFOPLIST_FILE = YES;
				INFOPLIST_KEY_NSHumanReadableCopyright = "";
				LD_RUNPATH_SEARCH_PATHS = (
					"$(inherited)",
					"@executable_path/../Frameworks",
				);
				MARKETING_VERSION = 1.0;
				PRODUCT_BUNDLE_IDENTIFIER = sunny.RoutePilot;
				PRODUCT_NAME = "$(TARGET_NAME)";
				REGISTER_APP_GROUPS = YES;
				STRING_CATALOG_GENERATE_SYMBOLS = YES;
				SWIFT_APPROACHABLE_CONCURRENCY = YES;
				SWIFT_DEFAULT_ACTOR_ISOLATION = MainActor;
				SWIFT_EMIT_LOC_STRINGS = YES;
				SWIFT_UPCOMING_FEATURE_MEMBER_IMPORT_VISIBILITY = YES;
				SWIFT_VERSION = 5.0;
			};
			name = Release;
		};
/* End XCBuildConfiguration section */

/* Begin XCConfigurationList section */
		8A10E7D72F7D20A8008E16CF /* Build configuration list for PBXProject "RoutePilot" */ = {
			isa = XCConfigurationList;
			buildConfigurations = (
				8A10E7E52F7D20A9008E16CF /* Debug */,
				8A10E7E62F7D20A9008E16CF /* Release */,
			);
			defaultConfigurationIsVisible = 0;
			defaultConfigurationName = Release;
		};
		8A10E7E72F7D20A9008E16CF /* Build configuration list for PBXNativeTarget "RoutePilot" */ = {
			isa = XCConfigurationList;
			buildConfigurations = (
				8A10E7E82F7D20A9008E16CF /* Debug */,
				8A10E7E92F7D20A9008E16CF /* Release */,
			);
			defaultConfigurationIsVisible = 0;
			defaultConfigurationName = Release;
		};
/* End XCConfigurationList section */
	};
	rootObject = 8A10E7D42F7D20A8008E16CF /* Project object */;
}
